
Microsoft Visual Studio Solution File, Format Version 12.00
# Visual Studio 2013
VisualStudioVersion = 12.0.40629.0
MinimumVisualStudioVersion = 10.0.40219.1
Project("{FAE04EC0-301F-11D3-BF4B-00C04F79EFBC}") = "Task-1", "Task-1\Task-1.csproj", "{6EB99971-8F1D-44F2-904A-DE435D74A14B}"
EndProject
Project("{FAE04EC0-301F-11D3-BF4B-00C04F79EFBC}") = "Task-2", "Task-2\Task-2.csproj", "{B3F2560A-56E8-458E-BA77-702E65A24EE1}"
EndProject
Project("{FAE04EC0-301F-11D3-BF4B-00C04F79EFBC}") = "Task-3", "Task-3\Task-3.csproj", "{CBF95D5D-ABB1-4828-B2B1-0D26A2445F7F}"
EndProject
Global
	GlobalSection(SolutionConfigurationPlatforms) = preSolution
		Debug|Any CPU = Debug|Any CPU
		Release|Any CPU = Release|Any CPU
	EndGlobalSection
	GlobalSection(ProjectConfigurationPlatforms) = postSolution
		{6EB99971-8F1D-44F2-904A-DE435D74A14B}.Debug|Any CPU.ActiveCfg = Debug|Any CPU
		{6EB99971-8F1D-44F2-904A-DE435D74A14B}.Debug|Any CPU.Build.0 = Debug|Any CPU
		{6EB99971-8F1D-44F2-904A-DE435D74A14B}.Release|Any CPU.ActiveCfg = Release|Any CPU
		{6EB99971-8F1D-44F2-904A-DE435D74A14B}.Release|Any CPU.Build.0 = Release|Any CPU
		{B3F2560A-56E8-458E-BA77-702E65A24EE1}.Debug|Any CPU.ActiveCfg = Debug|Any CPU
		{B3F2560A-56E8-458E-BA77-702E65A24EE1}.Debug|Any CPU.Build.0 = Debug|Any CPU
		{B3F2560A-56E8-458E-BA77-702E65A24EE1}.Release|Any CPU.ActiveCfg = Release|Any CPU
		{B3F2560A-56E8-458E-BA77-702E65A24EE1}.Release|Any CPU.Build.0 = Release|Any CPU
		{CBF95D5D-ABB1-4828-B2B1-0D26A2445F7F}.Debug|Any CPU.ActiveCfg = Debug|Any CPU
		{CBF95D5D-ABB1-4828-B2B1-0D26A2445F7F}.Debug|Any CPU.Build.0 = Debug|Any CPU
		{CBF95D5D-ABB1-4828-B2B1-0D26A2445F7F}.Release|Any CPU.ActiveCfg = Release|Any CPU
		{CBF95D5D-ABB1-4828-B2B1-0D26A2445F7F}.Release|Any CPU.Build.0 = Release|Any CPU
	EndGlobalSection
	GlobalSection(SolutionProperties) = preSolution
		HideSolutionNode = FALSE
	EndGlobalSection
EndGlobal
