
Microsoft Visual Studio Solution File, Format Version 12.00
# Visual Studio 2013
VisualStudioVersion = 12.0.40629.0
MinimumVisualStudioVersion = 10.0.40219.1
Project("{FAE04EC0-301F-11D3-BF4B-00C04F79EFBC}") = "Task-1", "Task-1.csproj", "{5F0FDB75-6959-4274-81DB-73A5F1E23C2B}"
EndProject
Project("{FAE04EC0-301F-11D3-BF4B-00C04F79EFBC}") = "Task-2", "Task-2.csproj", "{B62B9D76-EF77-4E3E-8A95-6A2EB232C3B1}"
EndProject
Project("{FAE04EC0-301F-11D3-BF4B-00C04F79EFBC}") = "Task-3", "Task-3.csproj", "{9F52E732-58AD-459D-ACED-C2E0AA7B915E}"
EndProject
Global
	GlobalSection(SolutionConfigurationPlatforms) = preSolution
		Debug|Any CPU = Debug|Any CPU
		Release|Any CPU = Release|Any CPU
	EndGlobalSection
	GlobalSection(ProjectConfigurationPlatforms) = postSolution
		{5F0FDB75-6959-4274-81DB-73A5F1E23C2B}.Debug|Any CPU.ActiveCfg = Debug|Any CPU
		{5F0FDB75-6959-4274-81DB-73A5F1E23C2B}.Debug|Any CPU.Build.0 = Debug|Any CPU
		{5F0FDB75-6959-4274-81DB-73A5F1E23C2B}.Release|Any CPU.ActiveCfg = Release|Any CPU
		{5F0FDB75-6959-4274-81DB-73A5F1E23C2B}.Release|Any CPU.Build.0 = Release|Any CPU
		{B62B9D76-EF77-4E3E-8A95-6A2EB232C3B1}.Debug|Any CPU.ActiveCfg = Debug|Any CPU
		{B62B9D76-EF77-4E3E-8A95-6A2EB232C3B1}.Debug|Any CPU.Build.0 = Debug|Any CPU
		{B62B9D76-EF77-4E3E-8A95-6A2EB232C3B1}.Release|Any CPU.ActiveCfg = Release|Any CPU
		{B62B9D76-EF77-4E3E-8A95-6A2EB232C3B1}.Release|Any CPU.Build.0 = Release|Any CPU
		{9F52E732-58AD-459D-ACED-C2E0AA7B915E}.Debug|Any CPU.ActiveCfg = Debug|Any CPU
		{9F52E732-58AD-459D-ACED-C2E0AA7B915E}.Debug|Any CPU.Build.0 = Debug|Any CPU
		{9F52E732-58AD-459D-ACED-C2E0AA7B915E}.Release|Any CPU.ActiveCfg = Release|Any CPU
		{9F52E732-58AD-459D-ACED-C2E0AA7B915E}.Release|Any CPU.Build.0 = Release|Any CPU
	EndGlobalSection
	GlobalSection(SolutionProperties) = preSolution
		HideSolutionNode = FALSE
	EndGlobalSection
EndGlobal
